
Microsoft Visual Studio Solution File, Format Version 12.00
# Visual Studio Version 17
VisualStudioVersion = 17.5.33414.496
MinimumVisualStudioVersion = 10.0.40219.1
Project("{FAE04EC0-301F-11D3-BF4B-00C04F79EFBC}") = "for loop", "for loop\for loop.csproj", "{EF50AEC9-A0AD-4838-9ADB-56B8761C7A20}"
EndProject
Global
	GlobalSection(SolutionConfigurationPlatforms) = preSolution
		Debug|Any CPU = Debug|Any CPU
		Release|Any CPU = Release|Any CPU
	EndGlobalSection
	GlobalSection(ProjectConfigurationPlatforms) = postSolution
		{EF50AEC9-A0AD-4838-9ADB-56B8761C7A20}.Debug|Any CPU.ActiveCfg = Debug|Any CPU
		{EF50AEC9-A0AD-4838-9ADB-56B8761C7A20}.Debug|Any CPU.Build.0 = Debug|Any CPU
		{EF50AEC9-A0AD-4838-9ADB-56B8761C7A20}.Release|Any CPU.ActiveCfg = Release|Any CPU
		{EF50AEC9-A0AD-4838-9ADB-56B8761C7A20}.Release|Any CPU.Build.0 = Release|Any CPU
	EndGlobalSection
	GlobalSection(SolutionProperties) = preSolution
		HideSolutionNode = FALSE
	EndGlobalSection
	GlobalSection(ExtensibilityGlobals) = postSolution
		SolutionGuid = {C3BEDB00-5E22-40A6-ADB0-D79A7FE6EC4E}
	EndGlobalSection
EndGlobal
